// !$*UTF8*$!
{
	archiveVersion = 1;
	classes = {
	};
	objectVersion = 77;
	objects = {

/* Begin PBXBuildFile section */
		15A63C879B7B170C01DEA9AD /* Pods_MyColorMemoAppTests.framework in Frameworks */ = {isa = PBXBuildFile; fileRef = 77EFF3A80F236B423C73C734 /* Pods_MyColorMemoAppTests.framework */; };
		9299DB25020ECC8B40DC6C9D /* Pods_MyColorMemoApp.framework in Frameworks */ = {isa = PBXBuildFile; fileRef = 18E363C95DBB130CA8273B19 /* Pods_MyColorMemoApp.framework */; };
		C04C89CA28948FE8FCEA22DF /* Pods_MyColorMemoApp_MyColorMemoAppUITests.framework in Frameworks */ = {isa = PBXBuildFile; fileRef = 382C59256D413EE5B894E7AA /* Pods_MyColorMemoApp_MyColorMemoAppUITests.framework */; };
/* End PBXBuildFile section */

/* Begin PBXContainerItemProxy section */
		EA72E7622D5108D50046470B /* PBXContainerItemProxy */ = {
			isa = PBXContainerItemProxy;
			containerPortal = EA72E7432D5108D30046470B /* Project object */;
			proxyType = 1;
			remoteGlobalIDString = EA72E74A2D5108D30046470B;
			remoteInfo = MyColorMemoApp;
		};
		EA72E76C2D5108D50046470B /* PBXContainerItemProxy */ = {
			isa = PBXContainerItemProxy;
			containerPortal = EA72E7432D5108D30046470B /* Project object */;
			proxyType = 1;
			remoteGlobalIDString = EA72E74A2D5108D30046470B;
			remoteInfo = MyColorMemoApp;
		};
/* End PBXContainerItemProxy section */

/* Begin PBXFileReference section */
		09568D7B4BEE249BF5BEC21D /* Pods-MyColorMemoApp-MyColorMemoAppUITests.debug.xcconfig */ = {isa = PBXFileReference; includeInIndex = 1; lastKnownFileType = text.xcconfig; name = "Pods-MyColorMemoApp-MyColorMemoAppUITests.debug.xcconfig"; path = "Target Support Files/Pods-MyColorMemoApp-MyColorMemoAppUITests/Pods-MyColorMemoApp-MyColorMemoAppUITests.debug.xcconfig"; sourceTree = "<group>"; };
		18E363C95DBB130CA8273B19 /* Pods_MyColorMemoApp.framework */ = {isa = PBXFileReference; explicitFileType = wrapper.framework; includeInIndex = 0; path = Pods_MyColorMemoApp.framework; sourceTree = BUILT_PRODUCTS_DIR; };
		2F3227897E1EE9FC2C12F2BB /* Pods-MyColorMemoAppTests.release.xcconfig */ = {isa = PBXFileReference; includeInIndex = 1; lastKnownFileType = text.xcconfig; name = "Pods-MyColorMemoAppTests.release.xcconfig"; path = "Target Support Files/Pods-MyColorMemoAppTests/Pods-MyColorMemoAppTests.release.xcconfig"; sourceTree = "<group>"; };
		382C59256D413EE5B894E7AA /* Pods_MyColorMemoApp_MyColorMemoAppUITests.framework */ = {isa = PBXFileReference; explicitFileType = wrapper.framework; includeInIndex = 0; path = Pods_MyColorMemoApp_MyColorMemoAppUITests.framework; sourceTree = BUILT_PRODUCTS_DIR; };
		4D1698E6E016D89A1AB899E6 /* Pods-MyColorMemoApp-MyColorMemoAppUITests.release.xcconfig */ = {isa = PBXFileReference; includeInIndex = 1; lastKnownFileType = text.xcconfig; name = "Pods-MyColorMemoApp-MyColorMemoAppUITests.release.xcconfig"; path = "Target Support Files/Pods-MyColorMemoApp-MyColorMemoAppUITests/Pods-MyColorMemoApp-MyColorMemoAppUITests.release.xcconfig"; sourceTree = "<group>"; };
		7343C404D236D39E0CE0C47A /* Pods-MyColorMemoApp.release.xcconfig */ = {isa = PBXFileReference; includeInIndex = 1; lastKnownFileType = text.xcconfig; name = "Pods-MyColorMemoApp.release.xcconfig"; path = "Target Support Files/Pods-MyColorMemoApp/Pods-MyColorMemoApp.release.xcconfig"; sourceTree = "<group>"; };
		77EFF3A80F236B423C73C734 /* Pods_MyColorMemoAppTests.framework */ = {isa = PBXFileReference; explicitFileType = wrapper.framework; includeInIndex = 0; path = Pods_MyColorMemoAppTests.framework; sourceTree = BUILT_PRODUCTS_DIR; };
		8C649CC8D4406332883E2A98 /* Pods-MyColorMemoApp.debug.xcconfig */ = {isa = PBXFileReference; includeInIndex = 1; lastKnownFileType = text.xcconfig; name = "Pods-MyColorMemoApp.debug.xcconfig"; path = "Target Support Files/Pods-MyColorMemoApp/Pods-MyColorMemoApp.debug.xcconfig"; sourceTree = "<group>"; };
		B7C4AE52EB13782E6F3A7169 /* Pods-MyColorMemoAppTests.debug.xcconfig */ = {isa = PBXFileReference; includeInIndex = 1; lastKnownFileType = text.xcconfig; name = "Pods-MyColorMemoAppTests.debug.xcconfig"; path = "Target Support Files/Pods-MyColorMemoAppTests/Pods-MyColorMemoAppTests.debug.xcconfig"; sourceTree = "<group>"; };
		EA72E74B2D5108D30046470B /* MyColorMemoApp.app */ = {isa = PBXFileReference; explicitFileType = wrapper.application; includeInIndex = 0; path = MyColorMemoApp.app; sourceTree = BUILT_PRODUCTS_DIR; };
		EA72E7612D5108D50046470B /* MyColorMemoAppTests.xctest */ = {isa = PBXFileReference; explicitFileType = wrapper.cfbundle; includeInIndex = 0; path = MyColorMemoAppTests.xctest; sourceTree = BUILT_PRODUCTS_DIR; };
		EA72E76B2D5108D50046470B /* MyColorMemoAppUITests.xctest */ = {isa = PBXFileReference; explicitFileType = wrapper.cfbundle; includeInIndex = 0; path = MyColorMemoAppUITests.xctest; sourceTree = BUILT_PRODUCTS_DIR; };
/* End PBXFileReference section */

/* Begin PBXFileSystemSynchronizedBuildFileExceptionSet section */
		EA72E7732D5108D50046470B /* Exceptions for "MyColorMemoApp" folder in "MyColorMemoApp" target */ = {
			isa = PBXFileSystemSynchronizedBuildFileExceptionSet;
			membershipExceptions = (
				Info.plist,
			);
			target = EA72E74A2D5108D30046470B /* MyColorMemoApp */;
		};
/* End PBXFileSystemSynchronizedBuildFileExceptionSet section */

/* Begin PBXFileSystemSynchronizedRootGroup section */
		EA72E74D2D5108D30046470B /* MyColorMemoApp */ = {
			isa = PBXFileSystemSynchronizedRootGroup;
			exceptions = (
				EA72E7732D5108D50046470B /* Exceptions for "MyColorMemoApp" folder in "MyColorMemoApp" target */,
			);
			path = MyColorMemoApp;
			sourceTree = "<group>";
		};
		EA72E7642D5108D50046470B /* MyColorMemoAppTests */ = {
			isa = PBXFileSystemSynchronizedRootGroup;
			path = MyColorMemoAppTests;
			sourceTree = "<group>";
		};
		EA72E76E2D5108D50046470B /* MyColorMemoAppUITests */ = {
			isa = PBXFileSystemSynchronizedRootGroup;
			path = MyColorMemoAppUITests;
			sourceTree = "<group>";
		};
/* End PBXFileSystemSynchronizedRootGroup section */

/* Begin PBXFrameworksBuildPhase section */
		EA72E7482D5108D30046470B /* Frameworks */ = {
			isa = PBXFrameworksBuildPhase;
			buildActionMask = 2147483647;
			files = (
				9299DB25020ECC8B40DC6C9D /* Pods_MyColorMemoApp.framework in Frameworks */,
			);
			runOnlyForDeploymentPostprocessing = 0;
		};
		EA72E75E2D5108D50046470B /* Frameworks */ = {
			isa = PBXFrameworksBuildPhase;
			buildActionMask = 2147483647;
			files = (
				15A63C879B7B170C01DEA9AD /* Pods_MyColorMemoAppTests.framework in Frameworks */,
			);
			runOnlyForDeploymentPostprocessing = 0;
		};
		EA72E7682D5108D50046470B /* Frameworks */ = {
			isa = PBXFrameworksBuildPhase;
			buildActionMask = 2147483647;
			files = (
				C04C89CA28948FE8FCEA22DF /* Pods_MyColorMemoApp_MyColorMemoAppUITests.framework in Frameworks */,
			);
			runOnlyForDeploymentPostprocessing = 0;
		};
/* End PBXFrameworksBuildPhase section */

/* Begin PBXGroup section */
		1E5CC43D2F489D3F4949B599 /* Pods */ = {
			isa = PBXGroup;
			children = (
				8C649CC8D4406332883E2A98 /* Pods-MyColorMemoApp.debug.xcconfig */,
				7343C404D236D39E0CE0C47A /* Pods-MyColorMemoApp.release.xcconfig */,
				09568D7B4BEE249BF5BEC21D /* Pods-MyColorMemoApp-MyColorMemoAppUITests.debug.xcconfig */,
				4D1698E6E016D89A1AB899E6 /* Pods-MyColorMemoApp-MyColorMemoAppUITests.release.xcconfig */,
				B7C4AE52EB13782E6F3A7169 /* Pods-MyColorMemoAppTests.debug.xcconfig */,
				2F3227897E1EE9FC2C12F2BB /* Pods-MyColorMemoAppTests.release.xcconfig */,
			);
			path = Pods;
			sourceTree = "<group>";
		};
		BFA744D56B65D354D1367E0D /* Frameworks */ = {
			isa = PBXGroup;
			children = (
				18E363C95DBB130CA8273B19 /* Pods_MyColorMemoApp.framework */,
				382C59256D413EE5B894E7AA /* Pods_MyColorMemoApp_MyColorMemoAppUITests.framework */,
				77EFF3A80F236B423C73C734 /* Pods_MyColorMemoAppTests.framework */,
			);
			name = Frameworks;
			sourceTree = "<group>";
		};
		EA72E7422D5108D30046470B = {
			isa = PBXGroup;
			children = (
				EA72E74D2D5108D30046470B /* MyColorMemoApp */,
				EA72E7642D5108D50046470B /* MyColorMemoAppTests */,
				EA72E76E2D5108D50046470B /* MyColorMemoAppUITests */,
				EA72E74C2D5108D30046470B /* Products */,
				1E5CC43D2F489D3F4949B599 /* Pods */,
				BFA744D56B65D354D1367E0D /* Frameworks */,
			);
			sourceTree = "<group>";
		};
		EA72E74C2D5108D30046470B /* Products */ = {
			isa = PBXGroup;
			children = (
				EA72E74B2D5108D30046470B /* MyColorMemoApp.app */,
				EA72E7612D5108D50046470B /* MyColorMemoAppTests.xctest */,
				EA72E76B2D5108D50046470B /* MyColorMemoAppUITests.xctest */,
			);
			name = Products;
			sourceTree = "<group>";
		};
/* End PBXGroup section */

/* Begin PBXNativeTarget section */
		EA72E74A2D5108D30046470B /* MyColorMemoApp */ = {
			isa = PBXNativeTarget;
			buildConfigurationList = EA72E7742D5108D50046470B /* Build configuration list for PBXNativeTarget "MyColorMemoApp" */;
			buildPhases = (
				F955DD8B9FE4EDBCB921884A /* [CP] Check Pods Manifest.lock */,
				EA72E7472D5108D30046470B /* Sources */,
				EA72E7482D5108D30046470B /* Frameworks */,
				EA72E7492D5108D30046470B /* Resources */,
				72E8FE9F515DC8C3F98C19F5 /* [CP] Embed Pods Frameworks */,
			);
			buildRules = (
			);
			dependencies = (
			);
			fileSystemSynchronizedGroups = (
				EA72E74D2D5108D30046470B /* MyColorMemoApp */,
			);
			name = MyColorMemoApp;
			productName = MyColorMemoApp;
			productReference = EA72E74B2D5108D30046470B /* MyColorMemoApp.app */;
			productType = "com.apple.product-type.application";
		};
		EA72E7602D5108D50046470B /* MyColorMemoAppTests */ = {
			isa = PBXNativeTarget;
			buildConfigurationList = EA72E7792D5108D50046470B /* Build configuration list for PBXNativeTarget "MyColorMemoAppTests" */;
			buildPhases = (
				F26C6272A19A4D2ABB7C1C9F /* [CP] Check Pods Manifest.lock */,
				EA72E75D2D5108D50046470B /* Sources */,
				EA72E75E2D5108D50046470B /* Frameworks */,
				EA72E75F2D5108D50046470B /* Resources */,
			);
			buildRules = (
			);
			dependencies = (
				EA72E7632D5108D50046470B /* PBXTargetDependency */,
			);
			fileSystemSynchronizedGroups = (
				EA72E7642D5108D50046470B /* MyColorMemoAppTests */,
			);
			name = MyColorMemoAppTests;
			productName = MyColorMemoAppTests;
			productReference = EA72E7612D5108D50046470B /* MyColorMemoAppTests.xctest */;
			productType = "com.apple.product-type.bundle.unit-test";
		};
		EA72E76A2D5108D50046470B /* MyColorMemoAppUITests */ = {
			isa = PBXNativeTarget;
			buildConfigurationList = EA72E77C2D5108D50046470B /* Build configuration list for PBXNativeTarget "MyColorMemoAppUITests" */;
			buildPhases = (
				57BF946357DB5C5679E904DF /* [CP] Check Pods Manifest.lock */,
				EA72E7672D5108D50046470B /* Sources */,
				EA72E7682D5108D50046470B /* Frameworks */,
				EA72E7692D5108D50046470B /* Resources */,
				7AD54CBBABD6638C274E1C08 /* [CP] Embed Pods Frameworks */,
			);
			buildRules = (
			);
			dependencies = (
				EA72E76D2D5108D50046470B /* PBXTargetDependency */,
			);
			fileSystemSynchronizedGroups = (
				EA72E76E2D5108D50046470B /* MyColorMemoAppUITests */,
			);
			name = MyColorMemoAppUITests;
			productName = MyColorMemoAppUITests;
			productReference = EA72E76B2D5108D50046470B /* MyColorMemoAppUITests.xctest */;
			productType = "com.apple.product-type.bundle.ui-testing";
		};
/* End PBXNativeTarget section */

/* Begin PBXProject section */
		EA72E7432D5108D30046470B /* Project object */ = {
			isa = PBXProject;
			attributes = {
				BuildIndependentTargetsInParallel = 1;
				LastSwiftUpdateCheck = 1610;
				LastUpgradeCheck = 1610;
				TargetAttributes = {
					EA72E74A2D5108D30046470B = {
						CreatedOnToolsVersion = 16.1;
					};
					EA72E7602D5108D50046470B = {
						CreatedOnToolsVersion = 16.1;
						TestTargetID = EA72E74A2D5108D30046470B;
					};
					EA72E76A2D5108D50046470B = {
						CreatedOnToolsVersion = 16.1;
						TestTargetID = EA72E74A2D5108D30046470B;
					};
				};
			};
			buildConfigurationList = EA72E7462D5108D30046470B /* Build configuration list for PBXProject "MyColorMemoApp" */;
			developmentRegion = en;
			hasScannedForEncodings = 0;
			knownRegions = (
				en,
				Base,
			);
			mainGroup = EA72E7422D5108D30046470B;
			minimizedProjectReferenceProxies = 1;
			preferredProjectObjectVersion = 77;
			productRefGroup = EA72E74C2D5108D30046470B /* Products */;
			projectDirPath = "";
			projectRoot = "";
			targets = (
				EA72E74A2D5108D30046470B /* MyColorMemoApp */,
				EA72E7602D5108D50046470B /* MyColorMemoAppTests */,
				EA72E76A2D5108D50046470B /* MyColorMemoAppUITests */,
			);
		};
/* End PBXProject section */

/* Begin PBXResourcesBuildPhase section */
		EA72E7492D5108D30046470B /* Resources */ = {
			isa = PBXResourcesBuildPhase;
			buildActionMask = 2147483647;
			files = (
			);
			runOnlyForDeploymentPostprocessing = 0;
		};
		EA72E75F2D5108D50046470B /* Resources */ = {
			isa = PBXResourcesBuildPhase;
			buildActionMask = 2147483647;
			files = (
			);
			runOnlyForDeploymentPostprocessing = 0;
		};
		EA72E7692D5108D50046470B /* Resources */ = {
			isa = PBXResourcesBuildPhase;
			buildActionMask = 2147483647;
			files = (
			);
			runOnlyForDeploymentPostprocessing = 0;
		};
/* End PBXResourcesBuildPhase section */

/* Begin PBXShellScriptBuildPhase section */
		57BF946357DB5C5679E904DF /* [CP] Check Pods Manifest.lock */ = {
			isa = PBXShellScriptBuildPhase;
			buildActionMask = 2147483647;
			files = (
			);
			inputFileListPaths = (
			);
			inputPaths = (
				"${PODS_PODFILE_DIR_PATH}/Podfile.lock",
				"${PODS_ROOT}/Manifest.lock",
			);
			name = "[CP] Check Pods Manifest.lock";
			outputFileListPaths = (
			);
			outputPaths = (
				"$(DERIVED_FILE_DIR)/Pods-MyColorMemoApp-MyColorMemoAppUITests-checkManifestLockResult.txt",
			);
			runOnlyForDeploymentPostprocessing = 0;
			shellPath = /bin/sh;
			shellScript = "diff \"${PODS_PODFILE_DIR_PATH}/Podfile.lock\" \"${PODS_ROOT}/Manifest.lock\" > /dev/null\nif [ $? != 0 ] ; then\n    # print error to STDERR\n    echo \"error: The sandbox is not in sync with the Podfile.lock. Run 'pod install' or update your CocoaPods installation.\" >&2\n    exit 1\nfi\n# This output is used by Xcode 'outputs' to avoid re-running this script phase.\necho \"SUCCESS\" > \"${SCRIPT_OUTPUT_FILE_0}\"\n";
			showEnvVarsInLog = 0;
		};
		72E8FE9F515DC8C3F98C19F5 /* [CP] Embed Pods Frameworks */ = {
			isa = PBXShellScriptBuildPhase;
			buildActionMask = 2147483647;
			files = (
			);
			inputFileListPaths = (
				"${PODS_ROOT}/Target Support Files/Pods-MyColorMemoApp/Pods-MyColorMemoApp-frameworks-${CONFIGURATION}-input-files.xcfilelist",
			);
			name = "[CP] Embed Pods Frameworks";
			outputFileListPaths = (
				"${PODS_ROOT}/Target Support Files/Pods-MyColorMemoApp/Pods-MyColorMemoApp-frameworks-${CONFIGURATION}-output-files.xcfilelist",
			);
			runOnlyForDeploymentPostprocessing = 0;
			shellPath = /bin/sh;
			shellScript = "\"${PODS_ROOT}/Target Support Files/Pods-MyColorMemoApp/Pods-MyColorMemoApp-frameworks.sh\"\n";
			showEnvVarsInLog = 0;
		};
		7AD54CBBABD6638C274E1C08 /* [CP] Embed Pods Frameworks */ = {
			isa = PBXShellScriptBuildPhase;
			buildActionMask = 2147483647;
			files = (
			);
			inputFileListPaths = (
				"${PODS_ROOT}/Target Support Files/Pods-MyColorMemoApp-MyColorMemoAppUITests/Pods-MyColorMemoApp-MyColorMemoAppUITests-frameworks-${CONFIGURATION}-input-files.xcfilelist",
			);
			name = "[CP] Embed Pods Frameworks";
			outputFileListPaths = (
				"${PODS_ROOT}/Target Support Files/Pods-MyColorMemoApp-MyColorMemoAppUITests/Pods-MyColorMemoApp-MyColorMemoAppUITests-frameworks-${CONFIGURATION}-output-files.xcfilelist",
			);
			runOnlyForDeploymentPostprocessing = 0;
			shellPath = /bin/sh;
			shellScript = "\"${PODS_ROOT}/Target Support Files/Pods-MyColorMemoApp-MyColorMemoAppUITests/Pods-MyColorMemoApp-MyColorMemoAppUITests-frameworks.sh\"\n";
			showEnvVarsInLog = 0;
		};
		F26C6272A19A4D2ABB7C1C9F /* [CP] Check Pods Manifest.lock */ = {
			isa = PBXShellScriptBuildPhase;
			buildActionMask = 2147483647;
			files = (
			);
			inputFileListPaths = (
			);
			inputPaths = (
				"${PODS_PODFILE_DIR_PATH}/Podfile.lock",
				"${PODS_ROOT}/Manifest.lock",
			);
			name = "[CP] Check Pods Manifest.lock";
			outputFileListPaths = (
			);
			outputPaths = (
				"$(DERIVED_FILE_DIR)/Pods-MyColorMemoAppTests-checkManifestLockResult.txt",
			);
			runOnlyForDeploymentPostprocessing = 0;
			shellPath = /bin/sh;
			shellScript = "diff \"${PODS_PODFILE_DIR_PATH}/Podfile.lock\" \"${PODS_ROOT}/Manifest.lock\" > /dev/null\nif [ $? != 0 ] ; then\n    # print error to STDERR\n    echo \"error: The sandbox is not in sync with the Podfile.lock. Run 'pod install' or update your CocoaPods installation.\" >&2\n    exit 1\nfi\n# This output is used by Xcode 'outputs' to avoid re-running this script phase.\necho \"SUCCESS\" > \"${SCRIPT_OUTPUT_FILE_0}\"\n";
			showEnvVarsInLog = 0;
		};
		F955DD8B9FE4EDBCB921884A /* [CP] Check Pods Manifest.lock */ = {
			isa = PBXShellScriptBuildPhase;
			buildActionMask = 2147483647;
			files = (
			);
			inputFileListPaths = (
			);
			inputPaths = (
				"${PODS_PODFILE_DIR_PATH}/Podfile.lock",
				"${PODS_ROOT}/Manifest.lock",
			);
			name = "[CP] Check Pods Manifest.lock";
			outputFileListPaths = (
			);
			outputPaths = (
				"$(DERIVED_FILE_DIR)/Pods-MyColorMemoApp-checkManifestLockResult.txt",
			);
			runOnlyForDeploymentPostprocessing = 0;
			shellPath = /bin/sh;
			shellScript = "diff \"${PODS_PODFILE_DIR_PATH}/Podfile.lock\" \"${PODS_ROOT}/Manifest.lock\" > /dev/null\nif [ $? != 0 ] ; then\n    # print error to STDERR\n    echo \"error: The sandbox is not in sync with the Podfile.lock. Run 'pod install' or update your CocoaPods installation.\" >&2\n    exit 1\nfi\n# This output is used by Xcode 'outputs' to avoid re-running this script phase.\necho \"SUCCESS\" > \"${SCRIPT_OUTPUT_FILE_0}\"\n";
			showEnvVarsInLog = 0;
		};
/* End PBXShellScriptBuildPhase section */

/* Begin PBXSourcesBuildPhase section */
		EA72E7472D5108D30046470B /* Sources */ = {
			isa = PBXSourcesBuildPhase;
			buildActionMask = 2147483647;
			files = (
			);
			runOnlyForDeploymentPostprocessing = 0;
		};
		EA72E75D2D5108D50046470B /* Sources */ = {
			isa = PBXSourcesBuildPhase;
			buildActionMask = 2147483647;
			files = (
			);
			runOnlyForDeploymentPostprocessing = 0;
		};
		EA72E7672D5108D50046470B /* Sources */ = {
			isa = PBXSourcesBuildPhase;
			buildActionMask = 2147483647;
			files = (
			);
			runOnlyForDeploymentPostprocessing = 0;
		};
/* End PBXSourcesBuildPhase section */

/* Begin PBXTargetDependency section */
		EA72E7632D5108D50046470B /* PBXTargetDependency */ = {
			isa = PBXTargetDependency;
			target = EA72E74A2D5108D30046470B /* MyColorMemoApp */;
			targetProxy = EA72E7622D5108D50046470B /* PBXContainerItemProxy */;
		};
		EA72E76D2D5108D50046470B /* PBXTargetDependency */ = {
			isa = PBXTargetDependency;
			target = EA72E74A2D5108D30046470B /* MyColorMemoApp */;
			targetProxy = EA72E76C2D5108D50046470B /* PBXContainerItemProxy */;
		};
/* End PBXTargetDependency section */

/* Begin XCBuildConfiguration section */
		EA72E7752D5108D50046470B /* Debug */ = {
			isa = XCBuildConfiguration;
			baseConfigurationReference = 8C649CC8D4406332883E2A98 /* Pods-MyColorMemoApp.debug.xcconfig */;
			buildSettings = {
				ASSETCATALOG_COMPILER_APPICON_NAME = AppIcon;
				ASSETCATALOG_COMPILER_GLOBAL_ACCENT_COLOR_NAME = AccentColor;
				CODE_SIGN_STYLE = Automatic;
				CURRENT_PROJECT_VERSION = 1;
				DEVELOPMENT_TEAM = 594U6NA8CJ;
				GENERATE_INFOPLIST_FILE = YES;
				INFOPLIST_FILE = MyColorMemoApp/Info.plist;
				INFOPLIST_KEY_UIApplicationSupportsIndirectInputEvents = YES;
				INFOPLIST_KEY_UILaunchStoryboardName = LaunchScreen;
				INFOPLIST_KEY_UIMainStoryboardFile = Main;
				INFOPLIST_KEY_UISupportedInterfaceOrientations_iPad = "UIInterfaceOrientationPortrait UIInterfaceOrientationPortraitUpsideDown UIInterfaceOrientationLandscapeLeft UIInterfaceOrientationLandscapeRight";
				INFOPLIST_KEY_UISupportedInterfaceOrientations_iPhone = "UIInterfaceOrientationPortrait UIInterfaceOrientationLandscapeLeft UIInterfaceOrientationLandscapeRight";
				LD_RUNPATH_SEARCH_PATHS = (
					"$(inherited)",
					"@executable_path/Frameworks",
				);
				MARKETING_VERSION = 1.0;
				PRODUCT_BUNDLE_IDENTIFIER = com.daiki.MyColorMemoApp;
				PRODUCT_NAME = "$(TARGET_NAME)";
				SWIFT_EMIT_LOC_STRINGS = YES;
				SWIFT_VERSION = 5.0;
				TARGETED_DEVICE_FAMILY = "1,2";
			};
			name = Debug;
		};
		EA72E7762D5108D50046470B /* Release */ = {
			isa = XCBuildConfiguration;
			baseConfigurationReference = 7343C404D236D39E0CE0C47A /* Pods-MyColorMemoApp.release.xcconfig */;
			buildSettings = {
				ASSETCATALOG_COMPILER_APPICON_NAME = AppIcon;
				ASSETCATALOG_COMPILER_GLOBAL_ACCENT_COLOR_NAME = AccentColor;
				CODE_SIGN_STYLE = Automatic;
				CURRENT_PROJECT_VERSION = 1;
				DEVELOPMENT_TEAM = 594U6NA8CJ;
				GENERATE_INFOPLIST_FILE = YES;
				INFOPLIST_FILE = MyColorMemoApp/Info.plist;
				INFOPLIST_KEY_UIApplicationSupportsIndirectInputEvents = YES;
				INFOPLIST_KEY_UILaunchStoryboardName = LaunchScreen;
				INFOPLIST_KEY_UIMainStoryboardFile = Main;
				INFOPLIST_KEY_UISupportedInterfaceOrientations_iPad = "UIInterfaceOrientationPortrait UIInterfaceOrientationPortraitUpsideDown UIInterfaceOrientationLandscapeLeft UIInterfaceOrientationLandscapeRight";
				INFOPLIST_KEY_UISupportedInterfaceOrientations_iPhone = "UIInterfaceOrientationPortrait UIInterfaceOrientationLandscapeLeft UIInterfaceOrientationLandscapeRight";
				LD_RUNPATH_SEARCH_PATHS = (
					"$(inherited)",
					"@executable_path/Frameworks",
				);
				MARKETING_VERSION = 1.0;
				PRODUCT_BUNDLE_IDENTIFIER = com.daiki.MyColorMemoApp;
				PRODUCT_NAME = "$(TARGET_NAME)";
				SWIFT_EMIT_LOC_STRINGS = YES;
				SWIFT_VERSION = 5.0;
				TARGETED_DEVICE_FAMILY = "1,2";
			};
			name = Release;
		};
		EA72E7772D5108D50046470B /* Debug */ = {
			isa = XCBuildConfiguration;
			buildSettings = {
				ALWAYS_SEARCH_USER_PATHS = NO;
				ASSETCATALOG_COMPILER_GENERATE_SWIFT_ASSET_SYMBOL_EXTENSIONS = YES;
				CLANG_ANALYZER_NONNULL = YES;
				CLANG_ANALYZER_NUMBER_OBJECT_CONVERSION = YES_AGGRESSIVE;
				CLANG_CXX_LANGUAGE_STANDARD = "gnu++20";
				CLANG_ENABLE_MODULES = YES;
				CLANG_ENABLE_OBJC_ARC = YES;
				CLANG_ENABLE_OBJC_WEAK = YES;
				CLANG_WARN_BLOCK_CAPTURE_AUTORELEASING = YES;
				CLANG_WARN_BOOL_CONVERSION = YES;
				CLANG_WARN_COMMA = YES;
				CLANG_WARN_CONSTANT_CONVERSION = YES;
				CLANG_WARN_DEPRECATED_OBJC_IMPLEMENTATIONS = YES;
				CLANG_WARN_DIRECT_OBJC_ISA_USAGE = YES_ERROR;
				CLANG_WARN_DOCUMENTATION_COMMENTS = YES;
				CLANG_WARN_EMPTY_BODY = YES;
				CLANG_WARN_ENUM_CONVERSION = YES;
				CLANG_WARN_INFINITE_RECURSION = YES;
				CLANG_WARN_INT_CONVERSION = YES;
				CLANG_WARN_NON_LITERAL_NULL_CONVERSION = YES;
				CLANG_WARN_OBJC_IMPLICIT_RETAIN_SELF = YES;
				CLANG_WARN_OBJC_LITERAL_CONVERSION = YES;
				CLANG_WARN_OBJC_ROOT_CLASS = YES_ERROR;
				CLANG_WARN_QUOTED_INCLUDE_IN_FRAMEWORK_HEADER = YES;
				CLANG_WARN_RANGE_LOOP_ANALYSIS = YES;
				CLANG_WARN_STRICT_PROTOTYPES = YES;
				CLANG_WARN_SUSPICIOUS_MOVE = YES;
				CLANG_WARN_UNGUARDED_AVAILABILITY = YES_AGGRESSIVE;
				CLANG_WARN_UNREACHABLE_CODE = YES;
				CLANG_WARN__DUPLICATE_METHOD_MATCH = YES;
				COPY_PHASE_STRIP = NO;
				DEBUG_INFORMATION_FORMAT = dwarf;
				ENABLE_STRICT_OBJC_MSGSEND = YES;
				ENABLE_TESTABILITY = YES;
				ENABLE_USER_SCRIPT_SANDBOXING = NO;
				GCC_C_LANGUAGE_STANDARD = gnu17;
				GCC_DYNAMIC_NO_PIC = NO;
				GCC_NO_COMMON_BLOCKS = YES;
				GCC_OPTIMIZATION_LEVEL = 0;
				GCC_PREPROCESSOR_DEFINITIONS = (
					"DEBUG=1",
					"$(inherited)",
				);
				GCC_WARN_64_TO_32_BIT_CONVERSION = YES;
				GCC_WARN_ABOUT_RETURN_TYPE = YES_ERROR;
				GCC_WARN_UNDECLARED_SELECTOR = YES;
				GCC_WARN_UNINITIALIZED_AUTOS = YES_AGGRESSIVE;
				GCC_WARN_UNUSED_FUNCTION = YES;
				GCC_WARN_UNUSED_VARIABLE = YES;
				IPHONEOS_DEPLOYMENT_TARGET = 18.1;
				LOCALIZATION_PREFERS_STRING_CATALOGS = YES;
				MTL_ENABLE_DEBUG_INFO = INCLUDE_SOURCE;
				MTL_FAST_MATH = YES;
				ONLY_ACTIVE_ARCH = YES;
				SDKROOT = iphoneos;
				SWIFT_ACTIVE_COMPILATION_CONDITIONS = "DEBUG $(inherited)";
				SWIFT_OPTIMIZATION_LEVEL = "-Onone";
			};
			name = Debug;
		};
		EA72E7782D5108D50046470B /* Release */ = {
			isa = XCBuildConfiguration;
			buildSettings = {
				ALWAYS_SEARCH_USER_PATHS = NO;
				ASSETCATALOG_COMPILER_GENERATE_SWIFT_ASSET_SYMBOL_EXTENSIONS = YES;
				CLANG_ANALYZER_NONNULL = YES;
				CLANG_ANALYZER_NUMBER_OBJECT_CONVERSION = YES_AGGRESSIVE;
				CLANG_CXX_LANGUAGE_STANDARD = "gnu++20";
				CLANG_ENABLE_MODULES = YES;
				CLANG_ENABLE_OBJC_ARC = YES;
				CLANG_ENABLE_OBJC_WEAK = YES;
				CLANG_WARN_BLOCK_CAPTURE_AUTORELEASING = YES;
				CLANG_WARN_BOOL_CONVERSION = YES;
				CLANG_WARN_COMMA = YES;
				CLANG_WARN_CONSTANT_CONVERSION = YES;
				CLANG_WARN_DEPRECATED_OBJC_IMPLEMENTATIONS = YES;
				CLANG_WARN_DIRECT_OBJC_ISA_USAGE = YES_ERROR;
				CLANG_WARN_DOCUMENTATION_COMMENTS = YES;
				CLANG_WARN_EMPTY_BODY = YES;
				CLANG_WARN_ENUM_CONVERSION = YES;
				CLANG_WARN_INFINITE_RECURSION = YES;
				CLANG_WARN_INT_CONVERSION = YES;
				CLANG_WARN_NON_LITERAL_NULL_CONVERSION = YES;
				CLANG_WARN_OBJC_IMPLICIT_RETAIN_SELF = YES;
				CLANG_WARN_OBJC_LITERAL_CONVERSION = YES;
				CLANG_WARN_OBJC_ROOT_CLASS = YES_ERROR;
				CLANG_WARN_QUOTED_INCLUDE_IN_FRAMEWORK_HEADER = YES;
				CLANG_WARN_RANGE_LOOP_ANALYSIS = YES;
				CLANG_WARN_STRICT_PROTOTYPES = YES;
				CLANG_WARN_SUSPICIOUS_MOVE = YES;
				CLANG_WARN_UNGUARDED_AVAILABILITY = YES_AGGRESSIVE;
				CLANG_WARN_UNREACHABLE_CODE = YES;
				CLANG_WARN__DUPLICATE_METHOD_MATCH = YES;
				COPY_PHASE_STRIP = NO;
				DEBUG_INFORMATION_FORMAT = "dwarf-with-dsym";
				ENABLE_NS_ASSERTIONS = NO;
				ENABLE_STRICT_OBJC_MSGSEND = YES;
				ENABLE_USER_SCRIPT_SANDBOXING = NO;
				GCC_C_LANGUAGE_STANDARD = gnu17;
				GCC_NO_COMMON_BLOCKS = YES;
				GCC_WARN_64_TO_32_BIT_CONVERSION = YES;
				GCC_WARN_ABOUT_RETURN_TYPE = YES_ERROR;
				GCC_WARN_UNDECLARED_SELECTOR = YES;
				GCC_WARN_UNINITIALIZED_AUTOS = YES_AGGRESSIVE;
				GCC_WARN_UNUSED_FUNCTION = YES;
				GCC_WARN_UNUSED_VARIABLE = YES;
				IPHONEOS_DEPLOYMENT_TARGET = 18.1;
				LOCALIZATION_PREFERS_STRING_CATALOGS = YES;
				MTL_ENABLE_DEBUG_INFO = NO;
				MTL_FAST_MATH = YES;
				SDKROOT = iphoneos;
				SWIFT_COMPILATION_MODE = wholemodule;
				VALIDATE_PRODUCT = YES;
			};
			name = Release;
		};
		EA72E77A2D5108D50046470B /* Debug */ = {
			isa = XCBuildConfiguration;
			baseConfigurationReference = B7C4AE52EB13782E6F3A7169 /* Pods-MyColorMemoAppTests.debug.xcconfig */;
			buildSettings = {
				BUNDLE_LOADER = "$(TEST_HOST)";
				CODE_SIGN_STYLE = Automatic;
				CURRENT_PROJECT_VERSION = 1;
				DEVELOPMENT_TEAM = 594U6NA8CJ;
				GENERATE_INFOPLIST_FILE = YES;
				IPHONEOS_DEPLOYMENT_TARGET = 18.1;
				MARKETING_VERSION = 1.0;
				PRODUCT_BUNDLE_IDENTIFIER = com.daiki.MyColorMemoAppTests;
				PRODUCT_NAME = "$(TARGET_NAME)";
				SWIFT_EMIT_LOC_STRINGS = NO;
				SWIFT_VERSION = 5.0;
				TARGETED_DEVICE_FAMILY = "1,2";
				TEST_HOST = "$(BUILT_PRODUCTS_DIR)/MyColorMemoApp.app/$(BUNDLE_EXECUTABLE_FOLDER_PATH)/MyColorMemoApp";
			};
			name = Debug;
		};
		EA72E77B2D5108D50046470B /* Release */ = {
			isa = XCBuildConfiguration;
			baseConfigurationReference = 2F3227897E1EE9FC2C12F2BB /* Pods-MyColorMemoAppTests.release.xcconfig */;
			buildSettings = {
				BUNDLE_LOADER = "$(TEST_HOST)";
				CODE_SIGN_STYLE = Automatic;
				CURRENT_PROJECT_VERSION = 1;
				DEVELOPMENT_TEAM = 594U6NA8CJ;
				GENERATE_INFOPLIST_FILE = YES;
				IPHONEOS_DEPLOYMENT_TARGET = 18.1;
				MARKETING_VERSION = 1.0;
				PRODUCT_BUNDLE_IDENTIFIER = com.daiki.MyColorMemoAppTests;
				PRODUCT_NAME = "$(TARGET_NAME)";
				SWIFT_EMIT_LOC_STRINGS = NO;
				SWIFT_VERSION = 5.0;
				TARGETED_DEVICE_FAMILY = "1,2";
				TEST_HOST = "$(BUILT_PRODUCTS_DIR)/MyColorMemoApp.app/$(BUNDLE_EXECUTABLE_FOLDER_PATH)/MyColorMemoApp";
			};
			name = Release;
		};
		EA72E77D2D5108D50046470B /* Debug */ = {
			isa = XCBuildConfiguration;
			baseConfigurationReference = 09568D7B4BEE249BF5BEC21D /* Pods-MyColorMemoApp-MyColorMemoAppUITests.debug.xcconfig */;
			buildSettings = {
				CODE_SIGN_STYLE = Automatic;
				CURRENT_PROJECT_VERSION = 1;
				DEVELOPMENT_TEAM = 594U6NA8CJ;
				GENERATE_INFOPLIST_FILE = YES;
				MARKETING_VERSION = 1.0;
				PRODUCT_BUNDLE_IDENTIFIER = com.daiki.MyColorMemoAppUITests;
				PRODUCT_NAME = "$(TARGET_NAME)";
				SWIFT_EMIT_LOC_STRINGS = NO;
				SWIFT_VERSION = 5.0;
				TARGETED_DEVICE_FAMILY = "1,2";
				TEST_TARGET_NAME = MyColorMemoApp;
			};
			name = Debug;
		};
		EA72E77E2D5108D50046470B /* Release */ = {
			isa = XCBuildConfiguration;
			baseConfigurationReference = 4D1698E6E016D89A1AB899E6 /* Pods-MyColorMemoApp-MyColorMemoAppUITests.release.xcconfig */;
			buildSettings = {
				CODE_SIGN_STYLE = Automatic;
				CURRENT_PROJECT_VERSION = 1;
				DEVELOPMENT_TEAM = 594U6NA8CJ;
				GENERATE_INFOPLIST_FILE = YES;
				MARKETING_VERSION = 1.0;
				PRODUCT_BUNDLE_IDENTIFIER = com.daiki.MyColorMemoAppUITests;
				PRODUCT_NAME = "$(TARGET_NAME)";
				SWIFT_EMIT_LOC_STRINGS = NO;
				SWIFT_VERSION = 5.0;
				TARGETED_DEVICE_FAMILY = "1,2";
				TEST_TARGET_NAME = MyColorMemoApp;
			};
			name = Release;
		};
/* End XCBuildConfiguration section */

/* Begin XCConfigurationList section */
		EA72E7462D5108D30046470B /* Build configuration list for PBXProject "MyColorMemoApp" */ = {
			isa = XCConfigurationList;
			buildConfigurations = (
				EA72E7772D5108D50046470B /* Debug */,
				EA72E7782D5108D50046470B /* Release */,
			);
			defaultConfigurationIsVisible = 0;
			defaultConfigurationName = Release;
		};
		EA72E7742D5108D50046470B /* Build configuration list for PBXNativeTarget "MyColorMemoApp" */ = {
			isa = XCConfigurationList;
			buildConfigurations = (
				EA72E7752D5108D50046470B /* Debug */,
				EA72E7762D5108D50046470B /* Release */,
			);
			defaultConfigurationIsVisible = 0;
			defaultConfigurationName = Release;
		};
		EA72E7792D5108D50046470B /* Build configuration list for PBXNativeTarget "MyColorMemoAppTests" */ = {
			isa = XCConfigurationList;
			buildConfigurations = (
				EA72E77A2D5108D50046470B /* Debug */,
				EA72E77B2D5108D50046470B /* Release */,
			);
			defaultConfigurationIsVisible = 0;
			defaultConfigurationName = Release;
		};
		EA72E77C2D5108D50046470B /* Build configuration list for PBXNativeTarget "MyColorMemoAppUITests" */ = {
			isa = XCConfigurationList;
			buildConfigurations = (
				EA72E77D2D5108D50046470B /* Debug */,
				EA72E77E2D5108D50046470B /* Release */,
			);
			defaultConfigurationIsVisible = 0;
			defaultConfigurationName = Release;
		};
/* End XCConfigurationList section */
	};
	rootObject = EA72E7432D5108D30046470B /* Project object */;
}
